
Microsoft Visual Studio Solution File, Format Version 12.00
# Visual Studio Version 16
VisualStudioVersion = 16.0.29123.88
MinimumVisualStudioVersion = 10.0.40219.1
Project("{FAE04EC0-301F-11D3-BF4B-00C04F79EFBC}") = "homework7", "homework7\homework7.csproj", "{08A280FB-C06E-49DD-A186-376A8737D444}"
EndProject
Global
	GlobalSection(SolutionConfigurationPlatforms) = preSolution
		Debug|Any CPU = Debug|Any CPU
		Release|Any CPU = Release|Any CPU
	EndGlobalSection
	GlobalSection(ProjectConfigurationPlatforms) = postSolution
		{08A280FB-C06E-49DD-A186-376A8737D444}.Debug|Any CPU.ActiveCfg = Debug|Any CPU
		{08A280FB-C06E-49DD-A186-376A8737D444}.Debug|Any CPU.Build.0 = Debug|Any CPU
		{08A280FB-C06E-49DD-A186-376A8737D444}.Release|Any CPU.ActiveCfg = Release|Any CPU
		{08A280FB-C06E-49DD-A186-376A8737D444}.Release|Any CPU.Build.0 = Release|Any CPU
	EndGlobalSection
	GlobalSection(SolutionProperties) = preSolution
		HideSolutionNode = FALSE
	EndGlobalSection
	GlobalSection(ExtensibilityGlobals) = postSolution
		SolutionGuid = {C3D7BA72-6102-48E0-91E7-C3DBB30C0172}
	EndGlobalSection
EndGlobal
