
Microsoft Visual Studio Solution File, Format Version 12.00
# Visual Studio Version 16
VisualStudioVersion = 16.0.29123.88
MinimumVisualStudioVersion = 10.0.40219.1
Project("{FAE04EC0-301F-11D3-BF4B-00C04F79EFBC}") = "task1", "task1\task1.csproj", "{5C99E8D3-6760-45B7-AA90-67E559DDEDB8}"
EndProject
Project("{FAE04EC0-301F-11D3-BF4B-00C04F79EFBC}") = "task2", "task2\task2.csproj", "{9E7688B2-D83D-43EF-80FC-741D505DFF39}"
EndProject
Project("{FAE04EC0-301F-11D3-BF4B-00C04F79EFBC}") = "task3", "task3\task3.csproj", "{5C10506D-3F02-4D45-8182-B5CA3DBED1B6}"
EndProject
Global
	GlobalSection(SolutionConfigurationPlatforms) = preSolution
		Debug|Any CPU = Debug|Any CPU
		Release|Any CPU = Release|Any CPU
	EndGlobalSection
	GlobalSection(ProjectConfigurationPlatforms) = postSolution
		{5C99E8D3-6760-45B7-AA90-67E559DDEDB8}.Debug|Any CPU.ActiveCfg = Debug|Any CPU
		{5C99E8D3-6760-45B7-AA90-67E559DDEDB8}.Debug|Any CPU.Build.0 = Debug|Any CPU
		{5C99E8D3-6760-45B7-AA90-67E559DDEDB8}.Release|Any CPU.ActiveCfg = Release|Any CPU
		{5C99E8D3-6760-45B7-AA90-67E559DDEDB8}.Release|Any CPU.Build.0 = Release|Any CPU
		{9E7688B2-D83D-43EF-80FC-741D505DFF39}.Debug|Any CPU.ActiveCfg = Debug|Any CPU
		{9E7688B2-D83D-43EF-80FC-741D505DFF39}.Debug|Any CPU.Build.0 = Debug|Any CPU
		{9E7688B2-D83D-43EF-80FC-741D505DFF39}.Release|Any CPU.ActiveCfg = Release|Any CPU
		{9E7688B2-D83D-43EF-80FC-741D505DFF39}.Release|Any CPU.Build.0 = Release|Any CPU
		{5C10506D-3F02-4D45-8182-B5CA3DBED1B6}.Debug|Any CPU.ActiveCfg = Debug|Any CPU
		{5C10506D-3F02-4D45-8182-B5CA3DBED1B6}.Debug|Any CPU.Build.0 = Debug|Any CPU
		{5C10506D-3F02-4D45-8182-B5CA3DBED1B6}.Release|Any CPU.ActiveCfg = Release|Any CPU
		{5C10506D-3F02-4D45-8182-B5CA3DBED1B6}.Release|Any CPU.Build.0 = Release|Any CPU
	EndGlobalSection
	GlobalSection(SolutionProperties) = preSolution
		HideSolutionNode = FALSE
	EndGlobalSection
	GlobalSection(ExtensibilityGlobals) = postSolution
		SolutionGuid = {DFF2F5EF-DD62-4C2A-8145-F08511811ED1}
	EndGlobalSection
EndGlobal
